
Microsoft Visual Studio Solution File, Format Version 12.00
# Visual Studio Version 17
VisualStudioVersion = 17.2.32526.322
MinimumVisualStudioVersion = 10.0.40219.1
Project("{9A19103F-16F7-4668-BE54-9A1E7A4F7556}") = "Project", "Project\Project.csproj", "{F5B2C91B-D2E7-4D79-B0BD-94A5CDF638EE}"
EndProject
Global
	GlobalSection(SolutionConfigurationPlatforms) = preSolution
		Debug|Any CPU = Debug|Any CPU
		Release|Any CPU = Release|Any CPU
	EndGlobalSection
	GlobalSection(ProjectConfigurationPlatforms) = postSolution
		{F5B2C91B-D2E7-4D79-B0BD-94A5CDF638EE}.Debug|Any CPU.ActiveCfg = Debug|Any CPU
		{F5B2C91B-D2E7-4D79-B0BD-94A5CDF638EE}.Debug|Any CPU.Build.0 = Debug|Any CPU
		{F5B2C91B-D2E7-4D79-B0BD-94A5CDF638EE}.Release|Any CPU.ActiveCfg = Release|Any CPU
		{F5B2C91B-D2E7-4D79-B0BD-94A5CDF638EE}.Release|Any CPU.Build.0 = Release|Any CPU
	EndGlobalSection
	GlobalSection(SolutionProperties) = preSolution
		HideSolutionNode = FALSE
	EndGlobalSection
	GlobalSection(ExtensibilityGlobals) = postSolution
		SolutionGuid = {36CEE64B-3F68-4522-958C-771D5DF0084E}
	EndGlobalSection
EndGlobal
